// !$*UTF8*$!
{
	archiveVersion = 1;
	classes = {
	};
	objectVersion = 56;
	objects = {

/* Begin PBXBuildFile section */
		0443218B2AAB7909001B9E54 /* startImage.txt in CopyFiles */ = {isa = PBXBuildFile; fileRef = 044321892AAB72D3001B9E54 /* startImage.txt */; };
		0443218D2AAB8B46001B9E54 /* bossImage.txt in CopyFiles */ = {isa = PBXBuildFile; fileRef = 0443218C2AAB89CD001B9E54 /* bossImage.txt */; };
		0443218F2AAB8D11001B9E54 /* diceImage.txt in CopyFiles */ = {isa = PBXBuildFile; fileRef = 0443218E2AAB8C4E001B9E54 /* diceImage.txt */; };
		0486ECF02AAD787B00E992F6 /* sliceAttack.txt in CopyFiles */ = {isa = PBXBuildFile; fileRef = 0486ECEF2AAD786800E992F6 /* sliceAttack.txt */; };
		0486ECF22AAD899E00E992F6 /* winGame.txt in CopyFiles */ = {isa = PBXBuildFile; fileRef = 0486ECF12AAD88D100E992F6 /* winGame.txt */; };
		0486ECF42AADAB6D00E992F6 /* leftRight.txt in CopyFiles */ = {isa = PBXBuildFile; fileRef = 0486ECF32AADAB2600E992F6 /* leftRight.txt */; };
		0486ECF72AADAD1300E992F6 /* tunnel.txt in CopyFiles */ = {isa = PBXBuildFile; fileRef = 0486ECF62AADAD0700E992F6 /* tunnel.txt */; };
		04B905512AAD38B200D707A6 /* gameOver.txt in CopyFiles */ = {isa = PBXBuildFile; fileRef = 04B905502AAD387700D707A6 /* gameOver.txt */; };
		D27312812AA1ABFA0086EEE9 /* main.swift in Sources */ = {isa = PBXBuildFile; fileRef = D27312802AA1ABFA0086EEE9 /* main.swift */; };
/* End PBXBuildFile section */

/* Begin PBXCopyFilesBuildPhase section */
		D273127B2AA1ABFA0086EEE9 /* CopyFiles */ = {
			isa = PBXCopyFilesBuildPhase;
			buildActionMask = 12;
			dstPath = "";
			dstSubfolderSpec = 16;
			files = (
				0486ECF72AADAD1300E992F6 /* tunnel.txt in CopyFiles */,
				0486ECF42AADAB6D00E992F6 /* leftRight.txt in CopyFiles */,
				0486ECF22AAD899E00E992F6 /* winGame.txt in CopyFiles */,
				0486ECF02AAD787B00E992F6 /* sliceAttack.txt in CopyFiles */,
				04B905512AAD38B200D707A6 /* gameOver.txt in CopyFiles */,
				0443218F2AAB8D11001B9E54 /* diceImage.txt in CopyFiles */,
				0443218D2AAB8B46001B9E54 /* bossImage.txt in CopyFiles */,
				0443218B2AAB7909001B9E54 /* startImage.txt in CopyFiles */,
			);
			runOnlyForDeploymentPostprocessing = 0;
		};
/* End PBXCopyFilesBuildPhase section */

/* Begin PBXFileReference section */
		044321892AAB72D3001B9E54 /* startImage.txt */ = {isa = PBXFileReference; fileEncoding = 4; lastKnownFileType = text; path = startImage.txt; sourceTree = "<group>"; };
		0443218C2AAB89CD001B9E54 /* bossImage.txt */ = {isa = PBXFileReference; lastKnownFileType = text; path = bossImage.txt; sourceTree = "<group>"; };
		0443218E2AAB8C4E001B9E54 /* diceImage.txt */ = {isa = PBXFileReference; lastKnownFileType = text; path = diceImage.txt; sourceTree = "<group>"; };
		0486ECEF2AAD786800E992F6 /* sliceAttack.txt */ = {isa = PBXFileReference; lastKnownFileType = text; path = sliceAttack.txt; sourceTree = "<group>"; };
		0486ECF12AAD88D100E992F6 /* winGame.txt */ = {isa = PBXFileReference; lastKnownFileType = text; path = winGame.txt; sourceTree = "<group>"; };
		0486ECF32AADAB2600E992F6 /* leftRight.txt */ = {isa = PBXFileReference; lastKnownFileType = text; path = leftRight.txt; sourceTree = "<group>"; };
		0486ECF62AADAD0700E992F6 /* tunnel.txt */ = {isa = PBXFileReference; lastKnownFileType = text; path = tunnel.txt; sourceTree = "<group>"; };
		04B905502AAD387700D707A6 /* gameOver.txt */ = {isa = PBXFileReference; lastKnownFileType = text; path = gameOver.txt; sourceTree = "<group>"; };
		D273127D2AA1ABFA0086EEE9 /* test */ = {isa = PBXFileReference; explicitFileType = "compiled.mach-o.executable"; includeInIndex = 0; path = test; sourceTree = BUILT_PRODUCTS_DIR; };
		D27312802AA1ABFA0086EEE9 /* main.swift */ = {isa = PBXFileReference; lastKnownFileType = sourcecode.swift; path = main.swift; sourceTree = "<group>"; };
/* End PBXFileReference section */

/* Begin PBXFrameworksBuildPhase section */
		D273127A2AA1ABFA0086EEE9 /* Frameworks */ = {
			isa = PBXFrameworksBuildPhase;
			buildActionMask = 2147483647;
			files = (
			);
			runOnlyForDeploymentPostprocessing = 0;
		};
/* End PBXFrameworksBuildPhase section */

/* Begin PBXGroup section */
		D27312742AA1ABFA0086EEE9 = {
			isa = PBXGroup;
			children = (
				D273127F2AA1ABFA0086EEE9 /* test */,
				D273127E2AA1ABFA0086EEE9 /* Products */,
			);
			sourceTree = "<group>";
		};
		D273127E2AA1ABFA0086EEE9 /* Products */ = {
			isa = PBXGroup;
			children = (
				D273127D2AA1ABFA0086EEE9 /* test */,
			);
			name = Products;
			sourceTree = "<group>";
		};
		D273127F2AA1ABFA0086EEE9 /* test */ = {
			isa = PBXGroup;
			children = (
				D27312802AA1ABFA0086EEE9 /* main.swift */,
				0486ECF32AADAB2600E992F6 /* leftRight.txt */,
				0486ECF12AAD88D100E992F6 /* winGame.txt */,
				04B905502AAD387700D707A6 /* gameOver.txt */,
				044321892AAB72D3001B9E54 /* startImage.txt */,
				0443218C2AAB89CD001B9E54 /* bossImage.txt */,
				0443218E2AAB8C4E001B9E54 /* diceImage.txt */,
				0486ECEF2AAD786800E992F6 /* sliceAttack.txt */,
				0486ECF62AADAD0700E992F6 /* tunnel.txt */,
			);
			path = test;
			sourceTree = "<group>";
		};
/* End PBXGroup section */

/* Begin PBXNativeTarget section */
		D273127C2AA1ABFA0086EEE9 /* test */ = {
			isa = PBXNativeTarget;
			buildConfigurationList = D27312842AA1ABFA0086EEE9 /* Build configuration list for PBXNativeTarget "test" */;
			buildPhases = (
				D27312792AA1ABFA0086EEE9 /* Sources */,
				D273127A2AA1ABFA0086EEE9 /* Frameworks */,
				D273127B2AA1ABFA0086EEE9 /* CopyFiles */,
			);
			buildRules = (
			);
			dependencies = (
			);
			name = test;
			productName = test;
			productReference = D273127D2AA1ABFA0086EEE9 /* test */;
			productType = "com.apple.product-type.tool";
		};
/* End PBXNativeTarget section */

/* Begin PBXProject section */
		D27312752AA1ABFA0086EEE9 /* Project object */ = {
			isa = PBXProject;
			attributes = {
				BuildIndependentTargetsInParallel = 1;
				LastSwiftUpdateCheck = 1430;
				LastUpgradeCheck = 1430;
				TargetAttributes = {
					D273127C2AA1ABFA0086EEE9 = {
						CreatedOnToolsVersion = 14.3.1;
					};
				};
			};
			buildConfigurationList = D27312782AA1ABFA0086EEE9 /* Build configuration list for PBXProject "test" */;
			compatibilityVersion = "Xcode 14.0";
			developmentRegion = en;
			hasScannedForEncodings = 0;
			knownRegions = (
				en,
				Base,
			);
			mainGroup = D27312742AA1ABFA0086EEE9;
			productRefGroup = D273127E2AA1ABFA0086EEE9 /* Products */;
			projectDirPath = "";
			projectRoot = "";
			targets = (
				D273127C2AA1ABFA0086EEE9 /* test */,
			);
		};
/* End PBXProject section */

/* Begin PBXSourcesBuildPhase section */
		D27312792AA1ABFA0086EEE9 /* Sources */ = {
			isa = PBXSourcesBuildPhase;
			buildActionMask = 2147483647;
			files = (
				D27312812AA1ABFA0086EEE9 /* main.swift in Sources */,
			);
			runOnlyForDeploymentPostprocessing = 0;
		};
/* End PBXSourcesBuildPhase section */

/* Begin XCBuildConfiguration section */
		D27312822AA1ABFA0086EEE9 /* Debug */ = {
			isa = XCBuildConfiguration;
			buildSettings = {
				ALWAYS_SEARCH_USER_PATHS = NO;
				CLANG_ANALYZER_NONNULL = YES;
				CLANG_ANALYZER_NUMBER_OBJECT_CONVERSION = YES_AGGRESSIVE;
				CLANG_CXX_LANGUAGE_STANDARD = "gnu++20";
				CLANG_ENABLE_MODULES = YES;
				CLANG_ENABLE_OBJC_ARC = YES;
				CLANG_ENABLE_OBJC_WEAK = YES;
				CLANG_WARN_BLOCK_CAPTURE_AUTORELEASING = YES;
				CLANG_WARN_BOOL_CONVERSION = YES;
				CLANG_WARN_COMMA = YES;
				CLANG_WARN_CONSTANT_CONVERSION = YES;
				CLANG_WARN_DEPRECATED_OBJC_IMPLEMENTATIONS = YES;
				CLANG_WARN_DIRECT_OBJC_ISA_USAGE = YES_ERROR;
				CLANG_WARN_DOCUMENTATION_COMMENTS = YES;
				CLANG_WARN_EMPTY_BODY = YES;
				CLANG_WARN_ENUM_CONVERSION = YES;
				CLANG_WARN_INFINITE_RECURSION = YES;
				CLANG_WARN_INT_CONVERSION = YES;
				CLANG_WARN_NON_LITERAL_NULL_CONVERSION = YES;
				CLANG_WARN_OBJC_IMPLICIT_RETAIN_SELF = YES;
				CLANG_WARN_OBJC_LITERAL_CONVERSION = YES;
				CLANG_WARN_OBJC_ROOT_CLASS = YES_ERROR;
				CLANG_WARN_QUOTED_INCLUDE_IN_FRAMEWORK_HEADER = YES;
				CLANG_WARN_RANGE_LOOP_ANALYSIS = YES;
				CLANG_WARN_STRICT_PROTOTYPES = YES;
				CLANG_WARN_SUSPICIOUS_MOVE = YES;
				CLANG_WARN_UNGUARDED_AVAILABILITY = YES_AGGRESSIVE;
				CLANG_WARN_UNREACHABLE_CODE = YES;
				CLANG_WARN__DUPLICATE_METHOD_MATCH = YES;
				COPY_PHASE_STRIP = NO;
				DEBUG_INFORMATION_FORMAT = dwarf;
				ENABLE_STRICT_OBJC_MSGSEND = YES;
				ENABLE_TESTABILITY = YES;
				GCC_C_LANGUAGE_STANDARD = gnu11;
				GCC_DYNAMIC_NO_PIC = NO;
				GCC_NO_COMMON_BLOCKS = YES;
				GCC_OPTIMIZATION_LEVEL = 0;
				GCC_PREPROCESSOR_DEFINITIONS = (
					"DEBUG=1",
					"$(inherited)",
				);
				GCC_WARN_64_TO_32_BIT_CONVERSION = YES;
				GCC_WARN_ABOUT_RETURN_TYPE = YES_ERROR;
				GCC_WARN_UNDECLARED_SELECTOR = YES;
				GCC_WARN_UNINITIALIZED_AUTOS = YES_AGGRESSIVE;
				GCC_WARN_UNUSED_FUNCTION = YES;
				GCC_WARN_UNUSED_VARIABLE = YES;
				MACOSX_DEPLOYMENT_TARGET = 13.2;
				MTL_ENABLE_DEBUG_INFO = INCLUDE_SOURCE;
				MTL_FAST_MATH = YES;
				ONLY_ACTIVE_ARCH = YES;
				SDKROOT = macosx;
				SWIFT_ACTIVE_COMPILATION_CONDITIONS = DEBUG;
				SWIFT_OPTIMIZATION_LEVEL = "-Onone";
			};
			name = Debug;
		};
		D27312832AA1ABFA0086EEE9 /* Release */ = {
			isa = XCBuildConfiguration;
			buildSettings = {
				ALWAYS_SEARCH_USER_PATHS = NO;
				CLANG_ANALYZER_NONNULL = YES;
				CLANG_ANALYZER_NUMBER_OBJECT_CONVERSION = YES_AGGRESSIVE;
				CLANG_CXX_LANGUAGE_STANDARD = "gnu++20";
				CLANG_ENABLE_MODULES = YES;
				CLANG_ENABLE_OBJC_ARC = YES;
				CLANG_ENABLE_OBJC_WEAK = YES;
				CLANG_WARN_BLOCK_CAPTURE_AUTORELEASING = YES;
				CLANG_WARN_BOOL_CONVERSION = YES;
				CLANG_WARN_COMMA = YES;
				CLANG_WARN_CONSTANT_CONVERSION = YES;
				CLANG_WARN_DEPRECATED_OBJC_IMPLEMENTATIONS = YES;
				CLANG_WARN_DIRECT_OBJC_ISA_USAGE = YES_ERROR;
				CLANG_WARN_DOCUMENTATION_COMMENTS = YES;
				CLANG_WARN_EMPTY_BODY = YES;
				CLANG_WARN_ENUM_CONVERSION = YES;
				CLANG_WARN_INFINITE_RECURSION = YES;
				CLANG_WARN_INT_CONVERSION = YES;
				CLANG_WARN_NON_LITERAL_NULL_CONVERSION = YES;
				CLANG_WARN_OBJC_IMPLICIT_RETAIN_SELF = YES;
				CLANG_WARN_OBJC_LITERAL_CONVERSION = YES;
				CLANG_WARN_OBJC_ROOT_CLASS = YES_ERROR;
				CLANG_WARN_QUOTED_INCLUDE_IN_FRAMEWORK_HEADER = YES;
				CLANG_WARN_RANGE_LOOP_ANALYSIS = YES;
				CLANG_WARN_STRICT_PROTOTYPES = YES;
				CLANG_WARN_SUSPICIOUS_MOVE = YES;
				CLANG_WARN_UNGUARDED_AVAILABILITY = YES_AGGRESSIVE;
				CLANG_WARN_UNREACHABLE_CODE = YES;
				CLANG_WARN__DUPLICATE_METHOD_MATCH = YES;
				COPY_PHASE_STRIP = NO;
				DEBUG_INFORMATION_FORMAT = "dwarf-with-dsym";
				ENABLE_NS_ASSERTIONS = NO;
				ENABLE_STRICT_OBJC_MSGSEND = YES;
				GCC_C_LANGUAGE_STANDARD = gnu11;
				GCC_NO_COMMON_BLOCKS = YES;
				GCC_WARN_64_TO_32_BIT_CONVERSION = YES;
				GCC_WARN_ABOUT_RETURN_TYPE = YES_ERROR;
				GCC_WARN_UNDECLARED_SELECTOR = YES;
				GCC_WARN_UNINITIALIZED_AUTOS = YES_AGGRESSIVE;
				GCC_WARN_UNUSED_FUNCTION = YES;
				GCC_WARN_UNUSED_VARIABLE = YES;
				MACOSX_DEPLOYMENT_TARGET = 13.2;
				MTL_ENABLE_DEBUG_INFO = NO;
				MTL_FAST_MATH = YES;
				SDKROOT = macosx;
				SWIFT_COMPILATION_MODE = wholemodule;
				SWIFT_OPTIMIZATION_LEVEL = "-O";
			};
			name = Release;
		};
		D27312852AA1ABFA0086EEE9 /* Debug */ = {
			isa = XCBuildConfiguration;
			buildSettings = {
				CODE_SIGN_STYLE = Automatic;
				DEVELOPMENT_TEAM = RCVZPXPK47;
				ENABLE_HARDENED_RUNTIME = YES;
				PRODUCT_NAME = "$(TARGET_NAME)";
				SWIFT_VERSION = 5.0;
			};
			name = Debug;
		};
		D27312862AA1ABFA0086EEE9 /* Release */ = {
			isa = XCBuildConfiguration;
			buildSettings = {
				CODE_SIGN_STYLE = Automatic;
				DEVELOPMENT_TEAM = RCVZPXPK47;
				ENABLE_HARDENED_RUNTIME = YES;
				PRODUCT_NAME = "$(TARGET_NAME)";
				SWIFT_VERSION = 5.0;
			};
			name = Release;
		};
/* End XCBuildConfiguration section */

/* Begin XCConfigurationList section */
		D27312782AA1ABFA0086EEE9 /* Build configuration list for PBXProject "test" */ = {
			isa = XCConfigurationList;
			buildConfigurations = (
				D27312822AA1ABFA0086EEE9 /* Debug */,
				D27312832AA1ABFA0086EEE9 /* Release */,
			);
			defaultConfigurationIsVisible = 0;
			defaultConfigurationName = Release;
		};
		D27312842AA1ABFA0086EEE9 /* Build configuration list for PBXNativeTarget "test" */ = {
			isa = XCConfigurationList;
			buildConfigurations = (
				D27312852AA1ABFA0086EEE9 /* Debug */,
				D27312862AA1ABFA0086EEE9 /* Release */,
			);
			defaultConfigurationIsVisible = 0;
			defaultConfigurationName = Release;
		};
/* End XCConfigurationList section */
	};
	rootObject = D27312752AA1ABFA0086EEE9 /* Project object */;
}
